
Microsoft Visual Studio Solution File, Format Version 12.00
# Visual Studio Version 17
VisualStudioVersion = 17.9.34701.34
MinimumVisualStudioVersion = 10.0.40219.1
Project("{FAE04EC0-301F-11D3-BF4B-00C04F79EFBC}") = "BLTriviaTap", "TriviaTapSystem\BLTriviaTap.csproj", "{5A6EF9A2-51CD-4860-9059-977C564BD822}"
EndProject
Project("{FAE04EC0-301F-11D3-BF4B-00C04F79EFBC}") = "DLTriviaTap", "DLTriviaTap\DLTriviaTap.csproj", "{F04AFBC1-8C9F-41BF-84ED-3D287191B0D9}"
EndProject
Project("{FAE04EC0-301F-11D3-BF4B-00C04F79EFBC}") = "MODELSTriviaTap", "MODELSTriviaTap\MODELSTriviaTap.csproj", "{490A6EE2-3E4D-4C71-AD3F-DF7CCC4AF066}"
EndProject
Project("{FAE04EC0-301F-11D3-BF4B-00C04F79EFBC}") = "UITriviaTap", "UITriviaTap\UITriviaTap.csproj", "{B5625CE9-CD43-4791-9E08-14A16238AF7B}"
EndProject
Project("{FAE04EC0-301F-11D3-BF4B-00C04F79EFBC}") = "TriviaTapAPI", "TriviaTapAPI\TriviaTapAPI.csproj", "{84E5D2F6-D087-4D84-99EA-0B78889E83A2}"
EndProject
Global
	GlobalSection(SolutionConfigurationPlatforms) = preSolution
		Debug|Any CPU = Debug|Any CPU
		Release|Any CPU = Release|Any CPU
	EndGlobalSection
	GlobalSection(ProjectConfigurationPlatforms) = postSolution
		{5A6EF9A2-51CD-4860-9059-977C564BD822}.Debug|Any CPU.ActiveCfg = Debug|Any CPU
		{5A6EF9A2-51CD-4860-9059-977C564BD822}.Debug|Any CPU.Build.0 = Debug|Any CPU
		{5A6EF9A2-51CD-4860-9059-977C564BD822}.Release|Any CPU.ActiveCfg = Release|Any CPU
		{5A6EF9A2-51CD-4860-9059-977C564BD822}.Release|Any CPU.Build.0 = Release|Any CPU
		{F04AFBC1-8C9F-41BF-84ED-3D287191B0D9}.Debug|Any CPU.ActiveCfg = Debug|Any CPU
		{F04AFBC1-8C9F-41BF-84ED-3D287191B0D9}.Debug|Any CPU.Build.0 = Debug|Any CPU
		{F04AFBC1-8C9F-41BF-84ED-3D287191B0D9}.Release|Any CPU.ActiveCfg = Release|Any CPU
		{F04AFBC1-8C9F-41BF-84ED-3D287191B0D9}.Release|Any CPU.Build.0 = Release|Any CPU
		{490A6EE2-3E4D-4C71-AD3F-DF7CCC4AF066}.Debug|Any CPU.ActiveCfg = Debug|Any CPU
		{490A6EE2-3E4D-4C71-AD3F-DF7CCC4AF066}.Debug|Any CPU.Build.0 = Debug|Any CPU
		{490A6EE2-3E4D-4C71-AD3F-DF7CCC4AF066}.Release|Any CPU.ActiveCfg = Release|Any CPU
		{490A6EE2-3E4D-4C71-AD3F-DF7CCC4AF066}.Release|Any CPU.Build.0 = Release|Any CPU
		{B5625CE9-CD43-4791-9E08-14A16238AF7B}.Debug|Any CPU.ActiveCfg = Debug|Any CPU
		{B5625CE9-CD43-4791-9E08-14A16238AF7B}.Debug|Any CPU.Build.0 = Debug|Any CPU
		{B5625CE9-CD43-4791-9E08-14A16238AF7B}.Release|Any CPU.ActiveCfg = Release|Any CPU
		{B5625CE9-CD43-4791-9E08-14A16238AF7B}.Release|Any CPU.Build.0 = Release|Any CPU
		{84E5D2F6-D087-4D84-99EA-0B78889E83A2}.Debug|Any CPU.ActiveCfg = Debug|Any CPU
		{84E5D2F6-D087-4D84-99EA-0B78889E83A2}.Debug|Any CPU.Build.0 = Debug|Any CPU
		{84E5D2F6-D087-4D84-99EA-0B78889E83A2}.Release|Any CPU.ActiveCfg = Release|Any CPU
		{84E5D2F6-D087-4D84-99EA-0B78889E83A2}.Release|Any CPU.Build.0 = Release|Any CPU
	EndGlobalSection
	GlobalSection(SolutionProperties) = preSolution
		HideSolutionNode = FALSE
	EndGlobalSection
	GlobalSection(ExtensibilityGlobals) = postSolution
		SolutionGuid = {6EA4373E-3C40-4C06-B4C1-A3659A106D5E}
	EndGlobalSection
EndGlobal
